
Microsoft Visual Studio Solution File, Format Version 12.00
# Blend for Visual Studio Version 16
VisualStudioVersion = 16.0.30320.27
MinimumVisualStudioVersion = 10.0.40219.1
Project("{FAE04EC0-301F-11D3-BF4B-00C04F79EFBC}") = "Dictionary", "Dictionary.csproj", "{52E0EEDD-D91F-4076-9625-1FADEFA60232}"
EndProject
Global
	GlobalSection(SolutionConfigurationPlatforms) = preSolution
		Debug|Any CPU = Debug|Any CPU
		Release|Any CPU = Release|Any CPU
	EndGlobalSection
	GlobalSection(ProjectConfigurationPlatforms) = postSolution
		{52E0EEDD-D91F-4076-9625-1FADEFA60232}.Debug|Any CPU.ActiveCfg = Debug|Any CPU
		{52E0EEDD-D91F-4076-9625-1FADEFA60232}.Debug|Any CPU.Build.0 = Debug|Any CPU
		{52E0EEDD-D91F-4076-9625-1FADEFA60232}.Release|Any CPU.ActiveCfg = Release|Any CPU
		{52E0EEDD-D91F-4076-9625-1FADEFA60232}.Release|Any CPU.Build.0 = Release|Any CPU
	EndGlobalSection
	GlobalSection(SolutionProperties) = preSolution
		HideSolutionNode = FALSE
	EndGlobalSection
	GlobalSection(ExtensibilityGlobals) = postSolution
		SolutionGuid = {ACE3E464-6170-4851-A457-EDB026460B09}
	EndGlobalSection
EndGlobal
